
Microsoft Visual Studio Solution File, Format Version 12.00
# Visual Studio Version 16
VisualStudioVersion = 16.0.29806.167
MinimumVisualStudioVersion = 10.0.40219.1
Project("{F184B08F-C81C-45F6-A57F-5ABD9991F28F}") = "NumberToString", "NumberToString\NumberToString.vbproj", "{ED2F6A70-BA4C-422C-BC71-0BE644F79303}"
EndProject
Global
	GlobalSection(SolutionConfigurationPlatforms) = preSolution
		Debug|Any CPU = Debug|Any CPU
		Release|Any CPU = Release|Any CPU
	EndGlobalSection
	GlobalSection(ProjectConfigurationPlatforms) = postSolution
		{ED2F6A70-BA4C-422C-BC71-0BE644F79303}.Debug|Any CPU.ActiveCfg = Debug|Any CPU
		{ED2F6A70-BA4C-422C-BC71-0BE644F79303}.Debug|Any CPU.Build.0 = Debug|Any CPU
		{ED2F6A70-BA4C-422C-BC71-0BE644F79303}.Release|Any CPU.ActiveCfg = Release|Any CPU
		{ED2F6A70-BA4C-422C-BC71-0BE644F79303}.Release|Any CPU.Build.0 = Release|Any CPU
	EndGlobalSection
	GlobalSection(SolutionProperties) = preSolution
		HideSolutionNode = FALSE
	EndGlobalSection
	GlobalSection(ExtensibilityGlobals) = postSolution
		SolutionGuid = {2916E9E1-C9A1-43BE-BF84-EE5306A9252A}
	EndGlobalSection
EndGlobal
