
Microsoft Visual Studio Solution File, Format Version 12.00
# Visual Studio 15
VisualStudioVersion = 15.0.26730.16
MinimumVisualStudioVersion = 10.0.40219.1
Project("{FAE04EC0-301F-11D3-BF4B-00C04F79EFBC}") = "ModelFirstExample", "ModelFirstExample\ModelFirstExample.csproj", "{073A81E9-3BAD-4CB6-80F4-55C57C7BF189}"
EndProject
Global
	GlobalSection(SolutionConfigurationPlatforms) = preSolution
		Debug|Any CPU = Debug|Any CPU
		Release|Any CPU = Release|Any CPU
	EndGlobalSection
	GlobalSection(ProjectConfigurationPlatforms) = postSolution
		{073A81E9-3BAD-4CB6-80F4-55C57C7BF189}.Debug|Any CPU.ActiveCfg = Debug|Any CPU
		{073A81E9-3BAD-4CB6-80F4-55C57C7BF189}.Debug|Any CPU.Build.0 = Debug|Any CPU
		{073A81E9-3BAD-4CB6-80F4-55C57C7BF189}.Release|Any CPU.ActiveCfg = Release|Any CPU
		{073A81E9-3BAD-4CB6-80F4-55C57C7BF189}.Release|Any CPU.Build.0 = Release|Any CPU
	EndGlobalSection
	GlobalSection(SolutionProperties) = preSolution
		HideSolutionNode = FALSE
	EndGlobalSection
	GlobalSection(ExtensibilityGlobals) = postSolution
		SolutionGuid = {39835DAE-C387-4B05-BC0D-D5576A0ECE5E}
	EndGlobalSection
EndGlobal
