
Microsoft Visual Studio Solution File, Format Version 12.00
# Visual Studio 15
VisualStudioVersion = 15.0.26730.16
MinimumVisualStudioVersion = 10.0.40219.1
Project("{FAE04EC0-301F-11D3-BF4B-00C04F79EFBC}") = "EFramework2", "EFramework2\EFramework2.csproj", "{9DDE289F-7F16-4471-8CAD-A57A16294DC2}"
EndProject
Project("{FAE04EC0-301F-11D3-BF4B-00C04F79EFBC}") = "EFHandsOn", "EFHandsOn\EFHandsOn.csproj", "{A0B0D997-D56C-4262-AC27-A57A61AE0AFB}"
EndProject
Global
	GlobalSection(SolutionConfigurationPlatforms) = preSolution
		Debug|Any CPU = Debug|Any CPU
		Release|Any CPU = Release|Any CPU
	EndGlobalSection
	GlobalSection(ProjectConfigurationPlatforms) = postSolution
		{9DDE289F-7F16-4471-8CAD-A57A16294DC2}.Debug|Any CPU.ActiveCfg = Debug|Any CPU
		{9DDE289F-7F16-4471-8CAD-A57A16294DC2}.Debug|Any CPU.Build.0 = Debug|Any CPU
		{9DDE289F-7F16-4471-8CAD-A57A16294DC2}.Release|Any CPU.ActiveCfg = Release|Any CPU
		{9DDE289F-7F16-4471-8CAD-A57A16294DC2}.Release|Any CPU.Build.0 = Release|Any CPU
		{A0B0D997-D56C-4262-AC27-A57A61AE0AFB}.Debug|Any CPU.ActiveCfg = Debug|Any CPU
		{A0B0D997-D56C-4262-AC27-A57A61AE0AFB}.Debug|Any CPU.Build.0 = Debug|Any CPU
		{A0B0D997-D56C-4262-AC27-A57A61AE0AFB}.Release|Any CPU.ActiveCfg = Release|Any CPU
		{A0B0D997-D56C-4262-AC27-A57A61AE0AFB}.Release|Any CPU.Build.0 = Release|Any CPU
	EndGlobalSection
	GlobalSection(SolutionProperties) = preSolution
		HideSolutionNode = FALSE
	EndGlobalSection
	GlobalSection(ExtensibilityGlobals) = postSolution
		SolutionGuid = {7D8BC706-B83B-4520-9BA6-CC136EDE6F31}
	EndGlobalSection
EndGlobal
