
Microsoft Visual Studio Solution File, Format Version 12.00
# Visual Studio 15
VisualStudioVersion = 15.0.26730.16
MinimumVisualStudioVersion = 10.0.40219.1
Project("{FAE04EC0-301F-11D3-BF4B-00C04F79EFBC}") = "EFHandsOn", "EFHandsOn\EFHandsOn.csproj", "{882BEE65-35C8-4E85-A771-CF92B3ACA817}"
EndProject
Global
	GlobalSection(SolutionConfigurationPlatforms) = preSolution
		Debug|Any CPU = Debug|Any CPU
		Release|Any CPU = Release|Any CPU
	EndGlobalSection
	GlobalSection(ProjectConfigurationPlatforms) = postSolution
		{882BEE65-35C8-4E85-A771-CF92B3ACA817}.Debug|Any CPU.ActiveCfg = Debug|Any CPU
		{882BEE65-35C8-4E85-A771-CF92B3ACA817}.Debug|Any CPU.Build.0 = Debug|Any CPU
		{882BEE65-35C8-4E85-A771-CF92B3ACA817}.Release|Any CPU.ActiveCfg = Release|Any CPU
		{882BEE65-35C8-4E85-A771-CF92B3ACA817}.Release|Any CPU.Build.0 = Release|Any CPU
	EndGlobalSection
	GlobalSection(SolutionProperties) = preSolution
		HideSolutionNode = FALSE
	EndGlobalSection
	GlobalSection(ExtensibilityGlobals) = postSolution
		SolutionGuid = {EBFE71D8-31D0-462C-A7CE-03D50ADE8908}
	EndGlobalSection
EndGlobal
